
Microsoft Visual Studio Solution File, Format Version 12.00
# Visual Studio Version 17
VisualStudioVersion = 17.1.32319.34
MinimumVisualStudioVersion = 10.0.40219.1
Project("{9A19103F-16F7-4668-BE54-9A1E7A4F7556}") = "HyperDev.Web", "HyperDev.Web\HyperDev.Web.csproj", "{1AB5C89F-410C-4CAB-9D88-BBCED4F980E0}"
EndProject
Project("{9A19103F-16F7-4668-BE54-9A1E7A4F7556}") = "HyperDev.Core", "HyperDev.Core\HyperDev.Core.csproj", "{63979074-7039-4AAE-BF8B-92EEA2E86FDB}"
EndProject
Project("{9A19103F-16F7-4668-BE54-9A1E7A4F7556}") = "HyperDev.Repository", "HyperDev.Repository\HyperDev.Repository.csproj", "{53C3E693-F772-4E64-922E-F60D3F177FE6}"
EndProject
Project("{9A19103F-16F7-4668-BE54-9A1E7A4F7556}") = "HyperDev.Service", "HyperDev.Service\HyperDev.Service.csproj", "{7928CD60-9158-40D1-808C-33235B012507}"
EndProject
Project("{9A19103F-16F7-4668-BE54-9A1E7A4F7556}") = "HyperDev.API", "HyperDev.API\HyperDev.API.csproj", "{ED9380E0-98A5-4F9C-B6C2-98A6015C728C}"
EndProject
Global
	GlobalSection(SolutionConfigurationPlatforms) = preSolution
		Debug|Any CPU = Debug|Any CPU
		Release|Any CPU = Release|Any CPU
	EndGlobalSection
	GlobalSection(ProjectConfigurationPlatforms) = postSolution
		{1AB5C89F-410C-4CAB-9D88-BBCED4F980E0}.Debug|Any CPU.ActiveCfg = Debug|Any CPU
		{1AB5C89F-410C-4CAB-9D88-BBCED4F980E0}.Debug|Any CPU.Build.0 = Debug|Any CPU
		{1AB5C89F-410C-4CAB-9D88-BBCED4F980E0}.Release|Any CPU.ActiveCfg = Release|Any CPU
		{1AB5C89F-410C-4CAB-9D88-BBCED4F980E0}.Release|Any CPU.Build.0 = Release|Any CPU
		{63979074-7039-4AAE-BF8B-92EEA2E86FDB}.Debug|Any CPU.ActiveCfg = Debug|Any CPU
		{63979074-7039-4AAE-BF8B-92EEA2E86FDB}.Debug|Any CPU.Build.0 = Debug|Any CPU
		{63979074-7039-4AAE-BF8B-92EEA2E86FDB}.Release|Any CPU.ActiveCfg = Release|Any CPU
		{63979074-7039-4AAE-BF8B-92EEA2E86FDB}.Release|Any CPU.Build.0 = Release|Any CPU
		{53C3E693-F772-4E64-922E-F60D3F177FE6}.Debug|Any CPU.ActiveCfg = Debug|Any CPU
		{53C3E693-F772-4E64-922E-F60D3F177FE6}.Debug|Any CPU.Build.0 = Debug|Any CPU
		{53C3E693-F772-4E64-922E-F60D3F177FE6}.Release|Any CPU.ActiveCfg = Release|Any CPU
		{53C3E693-F772-4E64-922E-F60D3F177FE6}.Release|Any CPU.Build.0 = Release|Any CPU
		{7928CD60-9158-40D1-808C-33235B012507}.Debug|Any CPU.ActiveCfg = Debug|Any CPU
		{7928CD60-9158-40D1-808C-33235B012507}.Debug|Any CPU.Build.0 = Debug|Any CPU
		{7928CD60-9158-40D1-808C-33235B012507}.Release|Any CPU.ActiveCfg = Release|Any CPU
		{7928CD60-9158-40D1-808C-33235B012507}.Release|Any CPU.Build.0 = Release|Any CPU
		{ED9380E0-98A5-4F9C-B6C2-98A6015C728C}.Debug|Any CPU.ActiveCfg = Debug|Any CPU
		{ED9380E0-98A5-4F9C-B6C2-98A6015C728C}.Debug|Any CPU.Build.0 = Debug|Any CPU
		{ED9380E0-98A5-4F9C-B6C2-98A6015C728C}.Release|Any CPU.ActiveCfg = Release|Any CPU
		{ED9380E0-98A5-4F9C-B6C2-98A6015C728C}.Release|Any CPU.Build.0 = Release|Any CPU
	EndGlobalSection
	GlobalSection(SolutionProperties) = preSolution
		HideSolutionNode = FALSE
	EndGlobalSection
	GlobalSection(ExtensibilityGlobals) = postSolution
		SolutionGuid = {F1C4F0FB-1019-4FCF-BECF-4A8FF7F92E73}
	EndGlobalSection
EndGlobal
